
Microsoft Visual Studio Solution File, Format Version 12.00
# Visual Studio Version 17
VisualStudioVersion = 17.11.35327.3
MinimumVisualStudioVersion = 10.0.40219.1
Project("{FAE04EC0-301F-11D3-BF4B-00C04F79EFBC}") = "Back_sincoayf", "Back_sincoayf.csproj", "{6CE7A95C-7E32-4BAF-BBD5-A8ABD7A37A0D}"
EndProject
Global
	GlobalSection(SolutionConfigurationPlatforms) = preSolution
		Debug|Any CPU = Debug|Any CPU
		Release|Any CPU = Release|Any CPU
	EndGlobalSection
	GlobalSection(ProjectConfigurationPlatforms) = postSolution
		{6CE7A95C-7E32-4BAF-BBD5-A8ABD7A37A0D}.Debug|Any CPU.ActiveCfg = Debug|Any CPU
		{6CE7A95C-7E32-4BAF-BBD5-A8ABD7A37A0D}.Debug|Any CPU.Build.0 = Debug|Any CPU
		{6CE7A95C-7E32-4BAF-BBD5-A8ABD7A37A0D}.Release|Any CPU.ActiveCfg = Release|Any CPU
		{6CE7A95C-7E32-4BAF-BBD5-A8ABD7A37A0D}.Release|Any CPU.Build.0 = Release|Any CPU
	EndGlobalSection
	GlobalSection(SolutionProperties) = preSolution
		HideSolutionNode = FALSE
	EndGlobalSection
	GlobalSection(ExtensibilityGlobals) = postSolution
		SolutionGuid = {528D2A49-FA04-4DDD-92FC-F4974A4D696B}
	EndGlobalSection
EndGlobal
